
Microsoft Visual Studio Solution File, Format Version 12.00
# Visual Studio Version 17
VisualStudioVersion = 17.3.32901.215
MinimumVisualStudioVersion = 10.0.40219.1
Project("{8BC9CEB8-8B4A-11D0-8D11-00A0C91BC942}") = "Lab10А", "Lab10А\Lab10А.vcxproj", "{834557BC-0945-4159-A513-9170FC34659E}"
EndProject
Project("{8BC9CEB8-8B4A-11D0-8D11-00A0C91BC942}") = "Lab10В", "Lab10В\Lab10В.vcxproj", "{BED033A4-8FBF-4718-816A-724BDD66526C}"
EndProject
Project("{8BC9CEB8-8B4A-11D0-8D11-00A0C91BC942}") = "Lab10Б", "Lab10Б\Lab10Б.vcxproj", "{96F87D85-60E5-415A-8E93-39925699E074}"
EndProject
Project("{8BC9CEB8-8B4A-11D0-8D11-00A0C91BC942}") = "Lab10Г", "Lab10Г\Lab10Г.vcxproj", "{943A91CD-7E6F-41A7-9226-07BE5ABADF81}"
EndProject
Project("{8BC9CEB8-8B4A-11D0-8D11-00A0C91BC942}") = "Lab10Д", "Lab10Д\Lab10Д.vcxproj", "{308AEE14-BE4F-4C1E-8A9F-E4F7CDDFC0F1}"
EndProject
Project("{8BC9CEB8-8B4A-11D0-8D11-00A0C91BC942}") = "Lab10Е", "Lab10Е\Lab10Е.vcxproj", "{E72434FE-5444-4B92-B072-B5A5B703688A}"
EndProject
Global
	GlobalSection(SolutionConfigurationPlatforms) = preSolution
		Debug|x64 = Debug|x64
		Debug|x86 = Debug|x86
		Release|x64 = Release|x64
		Release|x86 = Release|x86
	EndGlobalSection
	GlobalSection(ProjectConfigurationPlatforms) = postSolution
		{834557BC-0945-4159-A513-9170FC34659E}.Debug|x64.ActiveCfg = Debug|x64
		{834557BC-0945-4159-A513-9170FC34659E}.Debug|x64.Build.0 = Debug|x64
		{834557BC-0945-4159-A513-9170FC34659E}.Debug|x86.ActiveCfg = Debug|Win32
		{834557BC-0945-4159-A513-9170FC34659E}.Debug|x86.Build.0 = Debug|Win32
		{834557BC-0945-4159-A513-9170FC34659E}.Release|x64.ActiveCfg = Release|x64
		{834557BC-0945-4159-A513-9170FC34659E}.Release|x64.Build.0 = Release|x64
		{834557BC-0945-4159-A513-9170FC34659E}.Release|x86.ActiveCfg = Release|Win32
		{834557BC-0945-4159-A513-9170FC34659E}.Release|x86.Build.0 = Release|Win32
		{BED033A4-8FBF-4718-816A-724BDD66526C}.Debug|x64.ActiveCfg = Debug|x64
		{BED033A4-8FBF-4718-816A-724BDD66526C}.Debug|x64.Build.0 = Debug|x64
		{BED033A4-8FBF-4718-816A-724BDD66526C}.Debug|x86.ActiveCfg = Debug|Win32
		{BED033A4-8FBF-4718-816A-724BDD66526C}.Debug|x86.Build.0 = Debug|Win32
		{BED033A4-8FBF-4718-816A-724BDD66526C}.Release|x64.ActiveCfg = Release|x64
		{BED033A4-8FBF-4718-816A-724BDD66526C}.Release|x64.Build.0 = Release|x64
		{BED033A4-8FBF-4718-816A-724BDD66526C}.Release|x86.ActiveCfg = Release|Win32
		{BED033A4-8FBF-4718-816A-724BDD66526C}.Release|x86.Build.0 = Release|Win32
		{96F87D85-60E5-415A-8E93-39925699E074}.Debug|x64.ActiveCfg = Debug|x64
		{96F87D85-60E5-415A-8E93-39925699E074}.Debug|x64.Build.0 = Debug|x64
		{96F87D85-60E5-415A-8E93-39925699E074}.Debug|x86.ActiveCfg = Debug|Win32
		{96F87D85-60E5-415A-8E93-39925699E074}.Debug|x86.Build.0 = Debug|Win32
		{96F87D85-60E5-415A-8E93-39925699E074}.Release|x64.ActiveCfg = Release|x64
		{96F87D85-60E5-415A-8E93-39925699E074}.Release|x64.Build.0 = Release|x64
		{96F87D85-60E5-415A-8E93-39925699E074}.Release|x86.ActiveCfg = Release|Win32
		{96F87D85-60E5-415A-8E93-39925699E074}.Release|x86.Build.0 = Release|Win32
		{943A91CD-7E6F-41A7-9226-07BE5ABADF81}.Debug|x64.ActiveCfg = Debug|x64
		{943A91CD-7E6F-41A7-9226-07BE5ABADF81}.Debug|x64.Build.0 = Debug|x64
		{943A91CD-7E6F-41A7-9226-07BE5ABADF81}.Debug|x86.ActiveCfg = Debug|Win32
		{943A91CD-7E6F-41A7-9226-07BE5ABADF81}.Debug|x86.Build.0 = Debug|Win32
		{943A91CD-7E6F-41A7-9226-07BE5ABADF81}.Release|x64.ActiveCfg = Release|x64
		{943A91CD-7E6F-41A7-9226-07BE5ABADF81}.Release|x64.Build.0 = Release|x64
		{943A91CD-7E6F-41A7-9226-07BE5ABADF81}.Release|x86.ActiveCfg = Release|Win32
		{943A91CD-7E6F-41A7-9226-07BE5ABADF81}.Release|x86.Build.0 = Release|Win32
		{308AEE14-BE4F-4C1E-8A9F-E4F7CDDFC0F1}.Debug|x64.ActiveCfg = Debug|x64
		{308AEE14-BE4F-4C1E-8A9F-E4F7CDDFC0F1}.Debug|x64.Build.0 = Debug|x64
		{308AEE14-BE4F-4C1E-8A9F-E4F7CDDFC0F1}.Debug|x86.ActiveCfg = Debug|Win32
		{308AEE14-BE4F-4C1E-8A9F-E4F7CDDFC0F1}.Debug|x86.Build.0 = Debug|Win32
		{308AEE14-BE4F-4C1E-8A9F-E4F7CDDFC0F1}.Release|x64.ActiveCfg = Release|x64
		{308AEE14-BE4F-4C1E-8A9F-E4F7CDDFC0F1}.Release|x64.Build.0 = Release|x64
		{308AEE14-BE4F-4C1E-8A9F-E4F7CDDFC0F1}.Release|x86.ActiveCfg = Release|Win32
		{308AEE14-BE4F-4C1E-8A9F-E4F7CDDFC0F1}.Release|x86.Build.0 = Release|Win32
		{E72434FE-5444-4B92-B072-B5A5B703688A}.Debug|x64.ActiveCfg = Debug|x64
		{E72434FE-5444-4B92-B072-B5A5B703688A}.Debug|x64.Build.0 = Debug|x64
		{E72434FE-5444-4B92-B072-B5A5B703688A}.Debug|x86.ActiveCfg = Debug|Win32
		{E72434FE-5444-4B92-B072-B5A5B703688A}.Debug|x86.Build.0 = Debug|Win32
		{E72434FE-5444-4B92-B072-B5A5B703688A}.Release|x64.ActiveCfg = Release|x64
		{E72434FE-5444-4B92-B072-B5A5B703688A}.Release|x64.Build.0 = Release|x64
		{E72434FE-5444-4B92-B072-B5A5B703688A}.Release|x86.ActiveCfg = Release|Win32
		{E72434FE-5444-4B92-B072-B5A5B703688A}.Release|x86.Build.0 = Release|Win32
	EndGlobalSection
	GlobalSection(SolutionProperties) = preSolution
		HideSolutionNode = FALSE
	EndGlobalSection
	GlobalSection(ExtensibilityGlobals) = postSolution
		SolutionGuid = {B54A6C2A-C922-470B-ACE1-C3CE3AAC4F84}
	EndGlobalSection
EndGlobal
